
Microsoft Visual Studio Solution File, Format Version 11.00
# Visual Studio 2010
Project("{FAE04EC0-301F-11D3-BF4B-00C04F79EFBC}") = "Assembly-CSharp", "Assembly-CSharp.csproj", "{1D442FED-1915-6D99-D0F3-2A4E0DF2A882}"
EndProject
Project("{FAE04EC0-301F-11D3-BF4B-00C04F79EFBC}") = "Assembly-CSharp-Editor", "Assembly-CSharp-Editor.csproj", "{58D99B2B-9E02-73B9-BB02-B67C56340276}"
EndProject
Global
	GlobalSection(SolutionConfigurationPlatforms) = preSolution
		Debug|Any CPU = Debug|Any CPU
		Release|Any CPU = Release|Any CPU
	EndGlobalSection
	GlobalSection(ProjectConfigurationPlatforms) = postSolution
		{1D442FED-1915-6D99-D0F3-2A4E0DF2A882}.Debug|Any CPU.ActiveCfg = Debug|Any CPU
		{1D442FED-1915-6D99-D0F3-2A4E0DF2A882}.Debug|Any CPU.Build.0 = Debug|Any CPU
		{1D442FED-1915-6D99-D0F3-2A4E0DF2A882}.Release|Any CPU.ActiveCfg = Release|Any CPU
		{1D442FED-1915-6D99-D0F3-2A4E0DF2A882}.Release|Any CPU.Build.0 = Release|Any CPU
		{58D99B2B-9E02-73B9-BB02-B67C56340276}.Debug|Any CPU.ActiveCfg = Debug|Any CPU
		{58D99B2B-9E02-73B9-BB02-B67C56340276}.Debug|Any CPU.Build.0 = Debug|Any CPU
		{58D99B2B-9E02-73B9-BB02-B67C56340276}.Release|Any CPU.ActiveCfg = Release|Any CPU
		{58D99B2B-9E02-73B9-BB02-B67C56340276}.Release|Any CPU.Build.0 = Release|Any CPU
	EndGlobalSection
	GlobalSection(SolutionProperties) = preSolution
		HideSolutionNode = FALSE
	EndGlobalSection
EndGlobal
